// !$*UTF8*$!
{
	archiveVersion = 1;
	classes = {
	};
	objectVersion = 46;
	objects = {

/* Begin PBXBuildFile section */
		16B53C099C573022065E45EE /* Pods.framework in Frameworks */ = {isa = PBXBuildFile; fileRef = BA712FF4E9A3295CD0A05E62 /* Pods.framework */; settings = {ATTRIBUTES = (Weak, ); }; };
		8201B30F1C0FD58100ABD8D8 /* ProfileManager.swift in Sources */ = {isa = PBXBuildFile; fileRef = 8201B30E1C0FD58100ABD8D8 /* ProfileManager.swift */; };
		8219CFFE1C1A4B5D00A9A867 /* MessageCell.swift in Sources */ = {isa = PBXBuildFile; fileRef = 8219CFFD1C1A4B5D00A9A867 /* MessageCell.swift */; };
		8235D7BC1C1A1F1700E8AF84 /* MessagesTableViewController.swift in Sources */ = {isa = PBXBuildFile; fileRef = 8235D7BB1C1A1F1700E8AF84 /* MessagesTableViewController.swift */; };
		824EADDD1C4731AA0045E5CD /* UserModel.xcdatamodeld in Sources */ = {isa = PBXBuildFile; fileRef = 824EADDB1C4731AA0045E5CD /* UserModel.xcdatamodeld */; };
		824EADE31C47333D0045E5CD /* UserModel.swift in Sources */ = {isa = PBXBuildFile; fileRef = 824EADE21C47333D0045E5CD /* UserModel.swift */; };
		824EADE71C473D7E0045E5CD /* SettingsTableViewController.swift in Sources */ = {isa = PBXBuildFile; fileRef = 824EADE61C473D7E0045E5CD /* SettingsTableViewController.swift */; };
		8251476D1C0F9E8300DB9692 /* AppDelegate.swift in Sources */ = {isa = PBXBuildFile; fileRef = 8251476C1C0F9E8300DB9692 /* AppDelegate.swift */; };
		8251476F1C0F9E8300DB9692 /* LoginViewController.swift in Sources */ = {isa = PBXBuildFile; fileRef = 8251476E1C0F9E8300DB9692 /* LoginViewController.swift */; };
		825147721C0F9E8300DB9692 /* Main.storyboard in Resources */ = {isa = PBXBuildFile; fileRef = 825147701C0F9E8300DB9692 /* Main.storyboard */; };
		825147741C0F9E8300DB9692 /* Assets.xcassets in Resources */ = {isa = PBXBuildFile; fileRef = 825147731C0F9E8300DB9692 /* Assets.xcassets */; };
		825147771C0F9E8300DB9692 /* LaunchScreen.storyboard in Resources */ = {isa = PBXBuildFile; fileRef = 825147751C0F9E8300DB9692 /* LaunchScreen.storyboard */; };
		825147821C0F9E8400DB9692 /* BlueWorldTests.swift in Sources */ = {isa = PBXBuildFile; fileRef = 825147811C0F9E8400DB9692 /* BlueWorldTests.swift */; };
		8251478D1C0F9E8400DB9692 /* BlueWorldUITests.swift in Sources */ = {isa = PBXBuildFile; fileRef = 8251478C1C0F9E8400DB9692 /* BlueWorldUITests.swift */; };
		8251479B1C0F9F1D00DB9692 /* AuthManager.swift in Sources */ = {isa = PBXBuildFile; fileRef = 8251479A1C0F9F1D00DB9692 /* AuthManager.swift */; };
		8251479D1C0F9FDD00DB9692 /* Config.swift in Sources */ = {isa = PBXBuildFile; fileRef = 8251479C1C0F9FDD00DB9692 /* Config.swift */; };
		8251479F1C0FA0D800DB9692 /* Options.swift in Sources */ = {isa = PBXBuildFile; fileRef = 8251479E1C0FA0D800DB9692 /* Options.swift */; };
		825147A11C0FA0DC00DB9692 /* User.swift in Sources */ = {isa = PBXBuildFile; fileRef = 825147A01C0FA0DC00DB9692 /* User.swift */; };
		825147A31C0FA12D00DB9692 /* Network.swift in Sources */ = {isa = PBXBuildFile; fileRef = 825147A21C0FA12D00DB9692 /* Network.swift */; };
		825147A51C0FA24100DB9692 /* URL.swift in Sources */ = {isa = PBXBuildFile; fileRef = 825147A41C0FA24100DB9692 /* URL.swift */; };
		8251A05F1C223E0C00084BC1 /* NewMessageView.swift in Sources */ = {isa = PBXBuildFile; fileRef = 8251A05E1C223E0C00084BC1 /* NewMessageView.swift */; };
		8251A0611C2242D800084BC1 /* FriendCell.swift in Sources */ = {isa = PBXBuildFile; fileRef = 8251A0601C2242D800084BC1 /* FriendCell.swift */; };
		8251A0631C22510800084BC1 /* NewMessageViewController.swift in Sources */ = {isa = PBXBuildFile; fileRef = 8251A0621C22510800084BC1 /* NewMessageViewController.swift */; };
		8251A0661C23846300084BC1 /* ProfileCell.swift in Sources */ = {isa = PBXBuildFile; fileRef = 8251A0651C23846300084BC1 /* ProfileCell.swift */; };
		8251A06B1C23BAA300084BC1 /* TrophyCell.swift in Sources */ = {isa = PBXBuildFile; fileRef = 8251A06A1C23BAA300084BC1 /* TrophyCell.swift */; };
		8251A06D1C3D093500084BC1 /* Activity.swift in Sources */ = {isa = PBXBuildFile; fileRef = 8251A06C1C3D093500084BC1 /* Activity.swift */; };
		8263CA911C41E74B00D6DF93 /* FriendViewController.swift in Sources */ = {isa = PBXBuildFile; fileRef = 8263CA901C41E74B00D6DF93 /* FriendViewController.swift */; };
		82670FAF1C12629D000FAE56 /* SWRevealViewController.m in Sources */ = {isa = PBXBuildFile; fileRef = 82670FAD1C12629D000FAE56 /* SWRevealViewController.m */; };
		82670FB11C1263FB000FAE56 /* MenuController.swift in Sources */ = {isa = PBXBuildFile; fileRef = 82670FB01C1263FB000FAE56 /* MenuController.swift */; };
		8270C7E41C179D4100C73AB0 /* MenuCell.swift in Sources */ = {isa = PBXBuildFile; fileRef = 8270C7E31C179D4100C73AB0 /* MenuCell.swift */; };
		8295DC791C1171A100333220 /* HomeTableViewController.swift in Sources */ = {isa = PBXBuildFile; fileRef = 8295DC781C1171A100333220 /* HomeTableViewController.swift */; };
		829B4D061C12AE2500A5CBC4 /* NavigationController.swift in Sources */ = {isa = PBXBuildFile; fileRef = 829B4D051C12AE2400A5CBC4 /* NavigationController.swift */; };
		829B4D091C13DF4600A5CBC4 /* WelcomeCell.swift in Sources */ = {isa = PBXBuildFile; fileRef = 829B4D081C13DF4600A5CBC4 /* WelcomeCell.swift */; };
		829B4D0B1C13E56C00A5CBC4 /* CurrentlyPlayingCell.swift in Sources */ = {isa = PBXBuildFile; fileRef = 829B4D0A1C13E56C00A5CBC4 /* CurrentlyPlayingCell.swift */; };
		829B4D0D1C13ECF700A5CBC4 /* TrophyManager.swift in Sources */ = {isa = PBXBuildFile; fileRef = 829B4D0C1C13ECF700A5CBC4 /* TrophyManager.swift */; };
		829BE1A01C17F67000F691B6 /* CurrentTrophies.swift in Sources */ = {isa = PBXBuildFile; fileRef = 829BE19F1C17F67000F691B6 /* CurrentTrophies.swift */; };
		82A0966F1C40DD7000CA7057 /* NoCell.swift in Sources */ = {isa = PBXBuildFile; fileRef = 82A0966E1C40DD7000CA7057 /* NoCell.swift */; };
		82B0AB7E1C100110009DC4B8 /* MessagesManager.swift in Sources */ = {isa = PBXBuildFile; fileRef = 82B0AB7D1C100110009DC4B8 /* MessagesManager.swift */; };
		82B6F2421C1225B3004F9D28 /* Tools.swift in Sources */ = {isa = PBXBuildFile; fileRef = 82B6F2411C1225B3004F9D28 /* Tools.swift */; };
		82DB14BA1C4748A000E42205 /* Settings.plist in Resources */ = {isa = PBXBuildFile; fileRef = 82DB14B91C4748A000E42205 /* Settings.plist */; };
		82DFE2DC1C3DCA8E006CEE57 /* ActivityCell.swift in Sources */ = {isa = PBXBuildFile; fileRef = 82DFE2DB1C3DCA8E006CEE57 /* ActivityCell.swift */; };
		82EC78FA1C1A310100F226B0 /* MessageGroup.swift in Sources */ = {isa = PBXBuildFile; fileRef = 82EC78F91C1A310100F226B0 /* MessageGroup.swift */; };
		82F629CE1C1D0ED100F2F7BC /* MessageDetailTableViewController.swift in Sources */ = {isa = PBXBuildFile; fileRef = 82F629CD1C1D0ED100F2F7BC /* MessageDetailTableViewController.swift */; };
		82F629D01C1E215900F2F7BC /* MessageConversation.swift in Sources */ = {isa = PBXBuildFile; fileRef = 82F629CF1C1E215900F2F7BC /* MessageConversation.swift */; };
		82F629D21C20C13E00F2F7BC /* ProfileViewController.swift in Sources */ = {isa = PBXBuildFile; fileRef = 82F629D11C20C13E00F2F7BC /* ProfileViewController.swift */; };
		82F629D41C20CA6D00F2F7BC /* Trophy.swift in Sources */ = {isa = PBXBuildFile; fileRef = 82F629D31C20CA6D00F2F7BC /* Trophy.swift */; };
/* End PBXBuildFile section */

/* Begin PBXContainerItemProxy section */
		8251477E1C0F9E8400DB9692 /* PBXContainerItemProxy */ = {
			isa = PBXContainerItemProxy;
			containerPortal = 825147611C0F9E8300DB9692 /* Project object */;
			proxyType = 1;
			remoteGlobalIDString = 825147681C0F9E8300DB9692;
			remoteInfo = BlueWorld;
		};
		825147891C0F9E8400DB9692 /* PBXContainerItemProxy */ = {
			isa = PBXContainerItemProxy;
			containerPortal = 825147611C0F9E8300DB9692 /* Project object */;
			proxyType = 1;
			remoteGlobalIDString = 825147681C0F9E8300DB9692;
			remoteInfo = BlueWorld;
		};
/* End PBXContainerItemProxy section */

/* Begin PBXFileReference section */
		12272E3A8EEF381C3476718D /* Pods.release.xcconfig */ = {isa = PBXFileReference; includeInIndex = 1; lastKnownFileType = text.xcconfig; name = Pods.release.xcconfig; path = "Pods/Target Support Files/Pods/Pods.release.xcconfig"; sourceTree = "<group>"; };
		8201B30E1C0FD58100ABD8D8 /* ProfileManager.swift */ = {isa = PBXFileReference; fileEncoding = 4; lastKnownFileType = sourcecode.swift; path = ProfileManager.swift; sourceTree = "<group>"; };
		8219CFFD1C1A4B5D00A9A867 /* MessageCell.swift */ = {isa = PBXFileReference; fileEncoding = 4; lastKnownFileType = sourcecode.swift; path = MessageCell.swift; sourceTree = "<group>"; };
		8235D7BB1C1A1F1700E8AF84 /* MessagesTableViewController.swift */ = {isa = PBXFileReference; fileEncoding = 4; lastKnownFileType = sourcecode.swift; path = MessagesTableViewController.swift; sourceTree = "<group>"; };
		824EADDC1C4731AA0045E5CD /* UserModel.xcdatamodel */ = {isa = PBXFileReference; lastKnownFileType = wrapper.xcdatamodel; path = UserModel.xcdatamodel; sourceTree = "<group>"; };
		824EADE21C47333D0045E5CD /* UserModel.swift */ = {isa = PBXFileReference; fileEncoding = 4; lastKnownFileType = sourcecode.swift; path = UserModel.swift; sourceTree = "<group>"; };
		824EADE61C473D7E0045E5CD /* SettingsTableViewController.swift */ = {isa = PBXFileReference; fileEncoding = 4; lastKnownFileType = sourcecode.swift; path = SettingsTableViewController.swift; sourceTree = "<group>"; };
		825147691C0F9E8300DB9692 /* BlueWorld.app */ = {isa = PBXFileReference; explicitFileType = wrapper.application; includeInIndex = 0; path = BlueWorld.app; sourceTree = BUILT_PRODUCTS_DIR; };
		8251476C1C0F9E8300DB9692 /* AppDelegate.swift */ = {isa = PBXFileReference; lastKnownFileType = sourcecode.swift; path = AppDelegate.swift; sourceTree = "<group>"; };
		8251476E1C0F9E8300DB9692 /* LoginViewController.swift */ = {isa = PBXFileReference; lastKnownFileType = sourcecode.swift; path = LoginViewController.swift; sourceTree = "<group>"; };
		825147711C0F9E8300DB9692 /* Base */ = {isa = PBXFileReference; lastKnownFileType = file.storyboard; name = Base; path = Base.lproj/Main.storyboard; sourceTree = "<group>"; };
		825147731C0F9E8300DB9692 /* Assets.xcassets */ = {isa = PBXFileReference; lastKnownFileType = folder.assetcatalog; path = Assets.xcassets; sourceTree = "<group>"; };
		825147761C0F9E8300DB9692 /* Base */ = {isa = PBXFileReference; lastKnownFileType = file.storyboard; name = Base; path = Base.lproj/LaunchScreen.storyboard; sourceTree = "<group>"; };
		825147781C0F9E8300DB9692 /* Info.plist */ = {isa = PBXFileReference; lastKnownFileType = text.plist.xml; path = Info.plist; sourceTree = "<group>"; };
		8251477D1C0F9E8400DB9692 /* BlueWorldTests.xctest */ = {isa = PBXFileReference; explicitFileType = wrapper.cfbundle; includeInIndex = 0; path = BlueWorldTests.xctest; sourceTree = BUILT_PRODUCTS_DIR; };
		825147811C0F9E8400DB9692 /* BlueWorldTests.swift */ = {isa = PBXFileReference; lastKnownFileType = sourcecode.swift; path = BlueWorldTests.swift; sourceTree = "<group>"; };
		825147831C0F9E8400DB9692 /* Info.plist */ = {isa = PBXFileReference; lastKnownFileType = text.plist.xml; path = Info.plist; sourceTree = "<group>"; };
		825147881C0F9E8400DB9692 /* BlueWorldUITests.xctest */ = {isa = PBXFileReference; explicitFileType = wrapper.cfbundle; includeInIndex = 0; path = BlueWorldUITests.xctest; sourceTree = BUILT_PRODUCTS_DIR; };
		8251478C1C0F9E8400DB9692 /* BlueWorldUITests.swift */ = {isa = PBXFileReference; lastKnownFileType = sourcecode.swift; path = BlueWorldUITests.swift; sourceTree = "<group>"; };
		8251478E1C0F9E8400DB9692 /* Info.plist */ = {isa = PBXFileReference; lastKnownFileType = text.plist.xml; path = Info.plist; sourceTree = "<group>"; };
		8251479A1C0F9F1D00DB9692 /* AuthManager.swift */ = {isa = PBXFileReference; fileEncoding = 4; lastKnownFileType = sourcecode.swift; path = AuthManager.swift; sourceTree = "<group>"; };
		8251479C1C0F9FDD00DB9692 /* Config.swift */ = {isa = PBXFileReference; fileEncoding = 4; lastKnownFileType = sourcecode.swift; path = Config.swift; sourceTree = "<group>"; };
		8251479E1C0FA0D800DB9692 /* Options.swift */ = {isa = PBXFileReference; fileEncoding = 4; lastKnownFileType = sourcecode.swift; path = Options.swift; sourceTree = "<group>"; };
		825147A01C0FA0DC00DB9692 /* User.swift */ = {isa = PBXFileReference; fileEncoding = 4; lastKnownFileType = sourcecode.swift; path = User.swift; sourceTree = "<group>"; };
		825147A21C0FA12D00DB9692 /* Network.swift */ = {isa = PBXFileReference; fileEncoding = 4; lastKnownFileType = sourcecode.swift; path = Network.swift; sourceTree = "<group>"; };
		825147A41C0FA24100DB9692 /* URL.swift */ = {isa = PBXFileReference; fileEncoding = 4; lastKnownFileType = sourcecode.swift; path = URL.swift; sourceTree = "<group>"; };
		8251A05E1C223E0C00084BC1 /* NewMessageView.swift */ = {isa = PBXFileReference; fileEncoding = 4; lastKnownFileType = sourcecode.swift; path = NewMessageView.swift; sourceTree = "<group>"; };
		8251A0601C2242D800084BC1 /* FriendCell.swift */ = {isa = PBXFileReference; fileEncoding = 4; lastKnownFileType = sourcecode.swift; path = FriendCell.swift; sourceTree = "<group>"; };
		8251A0621C22510800084BC1 /* NewMessageViewController.swift */ = {isa = PBXFileReference; fileEncoding = 4; lastKnownFileType = sourcecode.swift; path = NewMessageViewController.swift; sourceTree = "<group>"; };
		8251A0651C23846300084BC1 /* ProfileCell.swift */ = {isa = PBXFileReference; fileEncoding = 4; lastKnownFileType = sourcecode.swift; path = ProfileCell.swift; sourceTree = "<group>"; };
		8251A06A1C23BAA300084BC1 /* TrophyCell.swift */ = {isa = PBXFileReference; fileEncoding = 4; lastKnownFileType = sourcecode.swift; path = TrophyCell.swift; sourceTree = "<group>"; };
		8251A06C1C3D093500084BC1 /* Activity.swift */ = {isa = PBXFileReference; fileEncoding = 4; lastKnownFileType = sourcecode.swift; path = Activity.swift; sourceTree = "<group>"; };
		8263CA901C41E74B00D6DF93 /* FriendViewController.swift */ = {isa = PBXFileReference; fileEncoding = 4; lastKnownFileType = sourcecode.swift; path = FriendViewController.swift; sourceTree = "<group>"; };
		82670FAC1C12629D000FAE56 /* BlueWorld-Bridging-Header.h */ = {isa = PBXFileReference; lastKnownFileType = sourcecode.c.h; path = "BlueWorld-Bridging-Header.h"; sourceTree = "<group>"; };
		82670FAD1C12629D000FAE56 /* SWRevealViewController.m */ = {isa = PBXFileReference; fileEncoding = 4; lastKnownFileType = sourcecode.c.objc; path = SWRevealViewController.m; sourceTree = "<group>"; };
		82670FAE1C12629D000FAE56 /* SWRevealViewController.h */ = {isa = PBXFileReference; fileEncoding = 4; lastKnownFileType = sourcecode.c.h; path = SWRevealViewController.h; sourceTree = "<group>"; };
		82670FB01C1263FB000FAE56 /* MenuController.swift */ = {isa = PBXFileReference; fileEncoding = 4; lastKnownFileType = sourcecode.swift; path = MenuController.swift; sourceTree = "<group>"; };
		8270C7E31C179D4100C73AB0 /* MenuCell.swift */ = {isa = PBXFileReference; fileEncoding = 4; lastKnownFileType = sourcecode.swift; path = MenuCell.swift; sourceTree = "<group>"; };
		8295DC781C1171A100333220 /* HomeTableViewController.swift */ = {isa = PBXFileReference; fileEncoding = 4; lastKnownFileType = sourcecode.swift; path = HomeTableViewController.swift; sourceTree = "<group>"; };
		829B4D051C12AE2400A5CBC4 /* NavigationController.swift */ = {isa = PBXFileReference; fileEncoding = 4; lastKnownFileType = sourcecode.swift; path = NavigationController.swift; sourceTree = "<group>"; };
		829B4D081C13DF4600A5CBC4 /* WelcomeCell.swift */ = {isa = PBXFileReference; fileEncoding = 4; lastKnownFileType = sourcecode.swift; path = WelcomeCell.swift; sourceTree = "<group>"; };
		829B4D0A1C13E56C00A5CBC4 /* CurrentlyPlayingCell.swift */ = {isa = PBXFileReference; fileEncoding = 4; lastKnownFileType = sourcecode.swift; path = CurrentlyPlayingCell.swift; sourceTree = "<group>"; };
		829B4D0C1C13ECF700A5CBC4 /* TrophyManager.swift */ = {isa = PBXFileReference; fileEncoding = 4; lastKnownFileType = sourcecode.swift; path = TrophyManager.swift; sourceTree = "<group>"; };
		829BE19F1C17F67000F691B6 /* CurrentTrophies.swift */ = {isa = PBXFileReference; fileEncoding = 4; lastKnownFileType = sourcecode.swift; path = CurrentTrophies.swift; sourceTree = "<group>"; };
		82A0966E1C40DD7000CA7057 /* NoCell.swift */ = {isa = PBXFileReference; fileEncoding = 4; lastKnownFileType = sourcecode.swift; path = NoCell.swift; sourceTree = "<group>"; };
		82B0AB7D1C100110009DC4B8 /* MessagesManager.swift */ = {isa = PBXFileReference; fileEncoding = 4; lastKnownFileType = sourcecode.swift; path = MessagesManager.swift; sourceTree = "<group>"; };
		82B6F2411C1225B3004F9D28 /* Tools.swift */ = {isa = PBXFileReference; fileEncoding = 4; lastKnownFileType = sourcecode.swift; path = Tools.swift; sourceTree = "<group>"; };
		82DB14B91C4748A000E42205 /* Settings.plist */ = {isa = PBXFileReference; fileEncoding = 4; lastKnownFileType = text.plist.xml; path = Settings.plist; sourceTree = "<group>"; };
		82DFE2DB1C3DCA8E006CEE57 /* ActivityCell.swift */ = {isa = PBXFileReference; fileEncoding = 4; lastKnownFileType = sourcecode.swift; path = ActivityCell.swift; sourceTree = "<group>"; };
		82EC78F91C1A310100F226B0 /* MessageGroup.swift */ = {isa = PBXFileReference; fileEncoding = 4; lastKnownFileType = sourcecode.swift; path = MessageGroup.swift; sourceTree = "<group>"; };
		82F629CD1C1D0ED100F2F7BC /* MessageDetailTableViewController.swift */ = {isa = PBXFileReference; fileEncoding = 4; lastKnownFileType = sourcecode.swift; path = MessageDetailTableViewController.swift; sourceTree = "<group>"; };
		82F629CF1C1E215900F2F7BC /* MessageConversation.swift */ = {isa = PBXFileReference; fileEncoding = 4; lastKnownFileType = sourcecode.swift; path = MessageConversation.swift; sourceTree = "<group>"; };
		82F629D11C20C13E00F2F7BC /* ProfileViewController.swift */ = {isa = PBXFileReference; fileEncoding = 4; lastKnownFileType = sourcecode.swift; path = ProfileViewController.swift; sourceTree = "<group>"; };
		82F629D31C20CA6D00F2F7BC /* Trophy.swift */ = {isa = PBXFileReference; fileEncoding = 4; lastKnownFileType = sourcecode.swift; path = Trophy.swift; sourceTree = "<group>"; };
		84C78B084E4622BF55E02599 /* Pods.debug.xcconfig */ = {isa = PBXFileReference; includeInIndex = 1; lastKnownFileType = text.xcconfig; name = Pods.debug.xcconfig; path = "Pods/Target Support Files/Pods/Pods.debug.xcconfig"; sourceTree = "<group>"; };
		BA712FF4E9A3295CD0A05E62 /* Pods.framework */ = {isa = PBXFileReference; explicitFileType = wrapper.framework; includeInIndex = 0; path = Pods.framework; sourceTree = BUILT_PRODUCTS_DIR; };
/* End PBXFileReference section */

/* Begin PBXFrameworksBuildPhase section */
		825147661C0F9E8300DB9692 /* Frameworks */ = {
			isa = PBXFrameworksBuildPhase;
			buildActionMask = 2147483647;
			files = (
				16B53C099C573022065E45EE /* Pods.framework in Frameworks */,
			);
			runOnlyForDeploymentPostprocessing = 0;
		};
		8251477A1C0F9E8400DB9692 /* Frameworks */ = {
			isa = PBXFrameworksBuildPhase;
			buildActionMask = 2147483647;
			files = (
			);
			runOnlyForDeploymentPostprocessing = 0;
		};
		825147851C0F9E8400DB9692 /* Frameworks */ = {
			isa = PBXFrameworksBuildPhase;
			buildActionMask = 2147483647;
			files = (
			);
			runOnlyForDeploymentPostprocessing = 0;
		};
/* End PBXFrameworksBuildPhase section */

/* Begin PBXGroup section */
		8219CFFC1C1A4B3E00A9A867 /* Messages */ = {
			isa = PBXGroup;
			children = (
				8235D7BB1C1A1F1700E8AF84 /* MessagesTableViewController.swift */,
				82F629CD1C1D0ED100F2F7BC /* MessageDetailTableViewController.swift */,
				8251A05E1C223E0C00084BC1 /* NewMessageView.swift */,
				8251A0621C22510800084BC1 /* NewMessageViewController.swift */,
			);
			name = Messages;
			sourceTree = "<group>";
		};
		825147601C0F9E8300DB9692 = {
			isa = PBXGroup;
			children = (
				8251476B1C0F9E8300DB9692 /* BlueWorld */,
				825147801C0F9E8400DB9692 /* BlueWorldTests */,
				8251478B1C0F9E8400DB9692 /* BlueWorldUITests */,
				8251476A1C0F9E8300DB9692 /* Products */,
				C9EB2F959879ACF7098FC65E /* Pods */,
				B2FE2C5617FF809DA46F1A98 /* Frameworks */,
			);
			sourceTree = "<group>";
		};
		8251476A1C0F9E8300DB9692 /* Products */ = {
			isa = PBXGroup;
			children = (
				825147691C0F9E8300DB9692 /* BlueWorld.app */,
				8251477D1C0F9E8400DB9692 /* BlueWorldTests.xctest */,
				825147881C0F9E8400DB9692 /* BlueWorldUITests.xctest */,
			);
			name = Products;
			sourceTree = "<group>";
		};
		8251476B1C0F9E8300DB9692 /* BlueWorld */ = {
			isa = PBXGroup;
			children = (
				82670FAB1C126270000FAE56 /* SWRevealViewController */,
				82670FA81C12603D000FAE56 /* View Controllers */,
				82670FAA1C12605B000FAE56 /* Models */,
				82670FA91C12604D000FAE56 /* Networking */,
				825147701C0F9E8300DB9692 /* Main.storyboard */,
				82B6F2411C1225B3004F9D28 /* Tools.swift */,
				8251479C1C0F9FDD00DB9692 /* Config.swift */,
				8251476C1C0F9E8300DB9692 /* AppDelegate.swift */,
				825147731C0F9E8300DB9692 /* Assets.xcassets */,
				825147751C0F9E8300DB9692 /* LaunchScreen.storyboard */,
				824EADDB1C4731AA0045E5CD /* UserModel.xcdatamodeld */,
				824EADE21C47333D0045E5CD /* UserModel.swift */,
				82DB14B91C4748A000E42205 /* Settings.plist */,
				825147781C0F9E8300DB9692 /* Info.plist */,
			);
			path = BlueWorld;
			sourceTree = "<group>";
		};
		825147801C0F9E8400DB9692 /* BlueWorldTests */ = {
			isa = PBXGroup;
			children = (
				825147811C0F9E8400DB9692 /* BlueWorldTests.swift */,
				825147831C0F9E8400DB9692 /* Info.plist */,
			);
			path = BlueWorldTests;
			sourceTree = "<group>";
		};
		8251478B1C0F9E8400DB9692 /* BlueWorldUITests */ = {
			isa = PBXGroup;
			children = (
				8251478C1C0F9E8400DB9692 /* BlueWorldUITests.swift */,
				8251478E1C0F9E8400DB9692 /* Info.plist */,
			);
			path = BlueWorldUITests;
			sourceTree = "<group>";
		};
		8251A0691C23B61000084BC1 /* Cells */ = {
			isa = PBXGroup;
			children = (
				8251A0651C23846300084BC1 /* ProfileCell.swift */,
				8219CFFD1C1A4B5D00A9A867 /* MessageCell.swift */,
				8251A0601C2242D800084BC1 /* FriendCell.swift */,
				829B4D081C13DF4600A5CBC4 /* WelcomeCell.swift */,
				829B4D0A1C13E56C00A5CBC4 /* CurrentlyPlayingCell.swift */,
				8270C7E31C179D4100C73AB0 /* MenuCell.swift */,
				8251A06A1C23BAA300084BC1 /* TrophyCell.swift */,
				82DFE2DB1C3DCA8E006CEE57 /* ActivityCell.swift */,
				82A0966E1C40DD7000CA7057 /* NoCell.swift */,
			);
			name = Cells;
			sourceTree = "<group>";
		};
		82670FA81C12603D000FAE56 /* View Controllers */ = {
			isa = PBXGroup;
			children = (
				8219CFFC1C1A4B3E00A9A867 /* Messages */,
				8251A0691C23B61000084BC1 /* Cells */,
				8295DC781C1171A100333220 /* HomeTableViewController.swift */,
				82F629D11C20C13E00F2F7BC /* ProfileViewController.swift */,
				829B4D051C12AE2400A5CBC4 /* NavigationController.swift */,
				8251476E1C0F9E8300DB9692 /* LoginViewController.swift */,
				82670FB01C1263FB000FAE56 /* MenuController.swift */,
				8263CA901C41E74B00D6DF93 /* FriendViewController.swift */,
				824EADE61C473D7E0045E5CD /* SettingsTableViewController.swift */,
			);
			name = "View Controllers";
			sourceTree = "<group>";
		};
		82670FA91C12604D000FAE56 /* Networking */ = {
			isa = PBXGroup;
			children = (
				8251479A1C0F9F1D00DB9692 /* AuthManager.swift */,
				8201B30E1C0FD58100ABD8D8 /* ProfileManager.swift */,
				82B0AB7D1C100110009DC4B8 /* MessagesManager.swift */,
				829B4D0C1C13ECF700A5CBC4 /* TrophyManager.swift */,
			);
			name = Networking;
			sourceTree = "<group>";
		};
		82670FAA1C12605B000FAE56 /* Models */ = {
			isa = PBXGroup;
			children = (
				825147A41C0FA24100DB9692 /* URL.swift */,
				825147A21C0FA12D00DB9692 /* Network.swift */,
				8251479E1C0FA0D800DB9692 /* Options.swift */,
				825147A01C0FA0DC00DB9692 /* User.swift */,
				829BE19F1C17F67000F691B6 /* CurrentTrophies.swift */,
				82EC78F91C1A310100F226B0 /* MessageGroup.swift */,
				82F629CF1C1E215900F2F7BC /* MessageConversation.swift */,
				82F629D31C20CA6D00F2F7BC /* Trophy.swift */,
				8251A06C1C3D093500084BC1 /* Activity.swift */,
			);
			name = Models;
			sourceTree = "<group>";
		};
		82670FAB1C126270000FAE56 /* SWRevealViewController */ = {
			isa = PBXGroup;
			children = (
				82670FAD1C12629D000FAE56 /* SWRevealViewController.m */,
				82670FAE1C12629D000FAE56 /* SWRevealViewController.h */,
				82670FAC1C12629D000FAE56 /* BlueWorld-Bridging-Header.h */,
			);
			name = SWRevealViewController;
			sourceTree = "<group>";
		};
		B2FE2C5617FF809DA46F1A98 /* Frameworks */ = {
			isa = PBXGroup;
			children = (
				BA712FF4E9A3295CD0A05E62 /* Pods.framework */,
			);
			name = Frameworks;
			sourceTree = "<group>";
		};
		C9EB2F959879ACF7098FC65E /* Pods */ = {
			isa = PBXGroup;
			children = (
				84C78B084E4622BF55E02599 /* Pods.debug.xcconfig */,
				12272E3A8EEF381C3476718D /* Pods.release.xcconfig */,
			);
			name = Pods;
			sourceTree = "<group>";
		};
/* End PBXGroup section */

/* Begin PBXNativeTarget section */
		825147681C0F9E8300DB9692 /* BlueWorld */ = {
			isa = PBXNativeTarget;
			buildConfigurationList = 825147911C0F9E8400DB9692 /* Build configuration list for PBXNativeTarget "BlueWorld" */;
			buildPhases = (
				5CA1926B5FDA961222626BFD /* Check Pods Manifest.lock */,
				825147651C0F9E8300DB9692 /* Sources */,
				825147661C0F9E8300DB9692 /* Frameworks */,
				825147671C0F9E8300DB9692 /* Resources */,
				2851BFE1B861953E01BA35AE /* Embed Pods Frameworks */,
				9E9F4FE401144C8D13DEA928 /* Copy Pods Resources */,
			);
			buildRules = (
			);
			dependencies = (
			);
			name = BlueWorld;
			productName = BlueWorld;
			productReference = 825147691C0F9E8300DB9692 /* BlueWorld.app */;
			productType = "com.apple.product-type.application";
		};
		8251477C1C0F9E8400DB9692 /* BlueWorldTests */ = {
			isa = PBXNativeTarget;
			buildConfigurationList = 825147941C0F9E8400DB9692 /* Build configuration list for PBXNativeTarget "BlueWorldTests" */;
			buildPhases = (
				825147791C0F9E8400DB9692 /* Sources */,
				8251477A1C0F9E8400DB9692 /* Frameworks */,
				8251477B1C0F9E8400DB9692 /* Resources */,
			);
			buildRules = (
			);
			dependencies = (
				8251477F1C0F9E8400DB9692 /* PBXTargetDependency */,
			);
			name = BlueWorldTests;
			productName = BlueWorldTests;
			productReference = 8251477D1C0F9E8400DB9692 /* BlueWorldTests.xctest */;
			productType = "com.apple.product-type.bundle.unit-test";
		};
		825147871C0F9E8400DB9692 /* BlueWorldUITests */ = {
			isa = PBXNativeTarget;
			buildConfigurationList = 825147971C0F9E8400DB9692 /* Build configuration list for PBXNativeTarget "BlueWorldUITests" */;
			buildPhases = (
				825147841C0F9E8400DB9692 /* Sources */,
				825147851C0F9E8400DB9692 /* Frameworks */,
				825147861C0F9E8400DB9692 /* Resources */,
			);
			buildRules = (
			);
			dependencies = (
				8251478A1C0F9E8400DB9692 /* PBXTargetDependency */,
			);
			name = BlueWorldUITests;
			productName = BlueWorldUITests;
			productReference = 825147881C0F9E8400DB9692 /* BlueWorldUITests.xctest */;
			productType = "com.apple.product-type.bundle.ui-testing";
		};
/* End PBXNativeTarget section */

/* Begin PBXProject section */
		825147611C0F9E8300DB9692 /* Project object */ = {
			isa = PBXProject;
			attributes = {
				LastSwiftUpdateCheck = 0710;
				LastUpgradeCheck = 0710;
				ORGANIZATIONNAME = TheTapAttack;
				TargetAttributes = {
					825147681C0F9E8300DB9692 = {
						CreatedOnToolsVersion = 7.1.1;
					};
					8251477C1C0F9E8400DB9692 = {
						CreatedOnToolsVersion = 7.1.1;
						TestTargetID = 825147681C0F9E8300DB9692;
					};
					825147871C0F9E8400DB9692 = {
						CreatedOnToolsVersion = 7.1.1;
						TestTargetID = 825147681C0F9E8300DB9692;
					};
				};
			};
			buildConfigurationList = 825147641C0F9E8300DB9692 /* Build configuration list for PBXProject "BlueWorld" */;
			compatibilityVersion = "Xcode 3.2";
			developmentRegion = English;
			hasScannedForEncodings = 0;
			knownRegions = (
				en,
				Base,
			);
			mainGroup = 825147601C0F9E8300DB9692;
			productRefGroup = 8251476A1C0F9E8300DB9692 /* Products */;
			projectDirPath = "";
			projectRoot = "";
			targets = (
				825147681C0F9E8300DB9692 /* BlueWorld */,
				8251477C1C0F9E8400DB9692 /* BlueWorldTests */,
				825147871C0F9E8400DB9692 /* BlueWorldUITests */,
			);
		};
/* End PBXProject section */

/* Begin PBXResourcesBuildPhase section */
		825147671C0F9E8300DB9692 /* Resources */ = {
			isa = PBXResourcesBuildPhase;
			buildActionMask = 2147483647;
			files = (
				825147771C0F9E8300DB9692 /* LaunchScreen.storyboard in Resources */,
				82DB14BA1C4748A000E42205 /* Settings.plist in Resources */,
				825147741C0F9E8300DB9692 /* Assets.xcassets in Resources */,
				825147721C0F9E8300DB9692 /* Main.storyboard in Resources */,
			);
			runOnlyForDeploymentPostprocessing = 0;
		};
		8251477B1C0F9E8400DB9692 /* Resources */ = {
			isa = PBXResourcesBuildPhase;
			buildActionMask = 2147483647;
			files = (
			);
			runOnlyForDeploymentPostprocessing = 0;
		};
		825147861C0F9E8400DB9692 /* Resources */ = {
			isa = PBXResourcesBuildPhase;
			buildActionMask = 2147483647;
			files = (
			);
			runOnlyForDeploymentPostprocessing = 0;
		};
/* End PBXResourcesBuildPhase section */

/* Begin PBXShellScriptBuildPhase section */
		2851BFE1B861953E01BA35AE /* Embed Pods Frameworks */ = {
			isa = PBXShellScriptBuildPhase;
			buildActionMask = 2147483647;
			files = (
			);
			inputPaths = (
			);
			name = "Embed Pods Frameworks";
			outputPaths = (
			);
			runOnlyForDeploymentPostprocessing = 0;
			shellPath = /bin/sh;
			shellScript = "\"${SRCROOT}/Pods/Target Support Files/Pods/Pods-frameworks.sh\"\n";
			showEnvVarsInLog = 0;
		};
		5CA1926B5FDA961222626BFD /* Check Pods Manifest.lock */ = {
			isa = PBXShellScriptBuildPhase;
			buildActionMask = 2147483647;
			files = (
			);
			inputPaths = (
			);
			name = "Check Pods Manifest.lock";
			outputPaths = (
			);
			runOnlyForDeploymentPostprocessing = 0;
			shellPath = /bin/sh;
			shellScript = "diff \"${PODS_ROOT}/../Podfile.lock\" \"${PODS_ROOT}/Manifest.lock\" > /dev/null\nif [[ $? != 0 ]] ; then\n    cat << EOM\nerror: The sandbox is not in sync with the Podfile.lock. Run 'pod install' or update your CocoaPods installation.\nEOM\n    exit 1\nfi\n";
			showEnvVarsInLog = 0;
		};
		9E9F4FE401144C8D13DEA928 /* Copy Pods Resources */ = {
			isa = PBXShellScriptBuildPhase;
			buildActionMask = 2147483647;
			files = (
			);
			inputPaths = (
			);
			name = "Copy Pods Resources";
			outputPaths = (
			);
			runOnlyForDeploymentPostprocessing = 0;
			shellPath = /bin/sh;
			shellScript = "\"${SRCROOT}/Pods/Target Support Files/Pods/Pods-resources.sh\"\n";
			showEnvVarsInLog = 0;
		};
/* End PBXShellScriptBuildPhase section */

/* Begin PBXSourcesBuildPhase section */
		825147651C0F9E8300DB9692 /* Sources */ = {
			isa = PBXSourcesBuildPhase;
			buildActionMask = 2147483647;
			files = (
				82670FAF1C12629D000FAE56 /* SWRevealViewController.m in Sources */,
				8251476F1C0F9E8300DB9692 /* LoginViewController.swift in Sources */,
				8251479D1C0F9FDD00DB9692 /* Config.swift in Sources */,
				825147A11C0FA0DC00DB9692 /* User.swift in Sources */,
				82B6F2421C1225B3004F9D28 /* Tools.swift in Sources */,
				8251A0611C2242D800084BC1 /* FriendCell.swift in Sources */,
				8251479B1C0F9F1D00DB9692 /* AuthManager.swift in Sources */,
				8251A0661C23846300084BC1 /* ProfileCell.swift in Sources */,
				8251A0631C22510800084BC1 /* NewMessageViewController.swift in Sources */,
				8251A06D1C3D093500084BC1 /* Activity.swift in Sources */,
				8219CFFE1C1A4B5D00A9A867 /* MessageCell.swift in Sources */,
				82F629D01C1E215900F2F7BC /* MessageConversation.swift in Sources */,
				8251A05F1C223E0C00084BC1 /* NewMessageView.swift in Sources */,
				824EADDD1C4731AA0045E5CD /* UserModel.xcdatamodeld in Sources */,
				824EADE71C473D7E0045E5CD /* SettingsTableViewController.swift in Sources */,
				8270C7E41C179D4100C73AB0 /* MenuCell.swift in Sources */,
				82F629CE1C1D0ED100F2F7BC /* MessageDetailTableViewController.swift in Sources */,
				82F629D21C20C13E00F2F7BC /* ProfileViewController.swift in Sources */,
				82F629D41C20CA6D00F2F7BC /* Trophy.swift in Sources */,
				8251479F1C0FA0D800DB9692 /* Options.swift in Sources */,
				8251A06B1C23BAA300084BC1 /* TrophyCell.swift in Sources */,
				829B4D061C12AE2500A5CBC4 /* NavigationController.swift in Sources */,
				829B4D091C13DF4600A5CBC4 /* WelcomeCell.swift in Sources */,
				825147A31C0FA12D00DB9692 /* Network.swift in Sources */,
				82A0966F1C40DD7000CA7057 /* NoCell.swift in Sources */,
				82670FB11C1263FB000FAE56 /* MenuController.swift in Sources */,
				8263CA911C41E74B00D6DF93 /* FriendViewController.swift in Sources */,
				829B4D0D1C13ECF700A5CBC4 /* TrophyManager.swift in Sources */,
				82DFE2DC1C3DCA8E006CEE57 /* ActivityCell.swift in Sources */,
				8251476D1C0F9E8300DB9692 /* AppDelegate.swift in Sources */,
				8295DC791C1171A100333220 /* HomeTableViewController.swift in Sources */,
				8235D7BC1C1A1F1700E8AF84 /* MessagesTableViewController.swift in Sources */,
				829BE1A01C17F67000F691B6 /* CurrentTrophies.swift in Sources */,
				82EC78FA1C1A310100F226B0 /* MessageGroup.swift in Sources */,
				8201B30F1C0FD58100ABD8D8 /* ProfileManager.swift in Sources */,
				824EADE31C47333D0045E5CD /* UserModel.swift in Sources */,
				829B4D0B1C13E56C00A5CBC4 /* CurrentlyPlayingCell.swift in Sources */,
				825147A51C0FA24100DB9692 /* URL.swift in Sources */,
				82B0AB7E1C100110009DC4B8 /* MessagesManager.swift in Sources */,
			);
			runOnlyForDeploymentPostprocessing = 0;
		};
		825147791C0F9E8400DB9692 /* Sources */ = {
			isa = PBXSourcesBuildPhase;
			buildActionMask = 2147483647;
			files = (
				825147821C0F9E8400DB9692 /* BlueWorldTests.swift in Sources */,
			);
			runOnlyForDeploymentPostprocessing = 0;
		};
		825147841C0F9E8400DB9692 /* Sources */ = {
			isa = PBXSourcesBuildPhase;
			buildActionMask = 2147483647;
			files = (
				8251478D1C0F9E8400DB9692 /* BlueWorldUITests.swift in Sources */,
			);
			runOnlyForDeploymentPostprocessing = 0;
		};
/* End PBXSourcesBuildPhase section */

/* Begin PBXTargetDependency section */
		8251477F1C0F9E8400DB9692 /* PBXTargetDependency */ = {
			isa = PBXTargetDependency;
			target = 825147681C0F9E8300DB9692 /* BlueWorld */;
			targetProxy = 8251477E1C0F9E8400DB9692 /* PBXContainerItemProxy */;
		};
		8251478A1C0F9E8400DB9692 /* PBXTargetDependency */ = {
			isa = PBXTargetDependency;
			target = 825147681C0F9E8300DB9692 /* BlueWorld */;
			targetProxy = 825147891C0F9E8400DB9692 /* PBXContainerItemProxy */;
		};
/* End PBXTargetDependency section */

/* Begin PBXVariantGroup section */
		825147701C0F9E8300DB9692 /* Main.storyboard */ = {
			isa = PBXVariantGroup;
			children = (
				825147711C0F9E8300DB9692 /* Base */,
			);
			name = Main.storyboard;
			sourceTree = "<group>";
		};
		825147751C0F9E8300DB9692 /* LaunchScreen.storyboard */ = {
			isa = PBXVariantGroup;
			children = (
				825147761C0F9E8300DB9692 /* Base */,
			);
			name = LaunchScreen.storyboard;
			sourceTree = "<group>";
		};
/* End PBXVariantGroup section */

/* Begin XCBuildConfiguration section */
		8251478F1C0F9E8400DB9692 /* Debug */ = {
			isa = XCBuildConfiguration;
			buildSettings = {
				ALWAYS_SEARCH_USER_PATHS = NO;
				CLANG_CXX_LANGUAGE_STANDARD = "gnu++0x";
				CLANG_CXX_LIBRARY = "libc++";
				CLANG_ENABLE_MODULES = YES;
				CLANG_ENABLE_OBJC_ARC = YES;
				CLANG_WARN_BOOL_CONVERSION = YES;
				CLANG_WARN_CONSTANT_CONVERSION = YES;
				CLANG_WARN_DIRECT_OBJC_ISA_USAGE = YES_ERROR;
				CLANG_WARN_EMPTY_BODY = YES;
				CLANG_WARN_ENUM_CONVERSION = YES;
				CLANG_WARN_INT_CONVERSION = YES;
				CLANG_WARN_OBJC_ROOT_CLASS = YES_ERROR;
				CLANG_WARN_UNREACHABLE_CODE = YES;
				CLANG_WARN__DUPLICATE_METHOD_MATCH = YES;
				"CODE_SIGN_IDENTITY[sdk=iphoneos*]" = "iPhone Developer";
				COPY_PHASE_STRIP = NO;
				DEBUG_INFORMATION_FORMAT = dwarf;
				ENABLE_STRICT_OBJC_MSGSEND = YES;
				ENABLE_TESTABILITY = YES;
				GCC_C_LANGUAGE_STANDARD = gnu99;
				GCC_DYNAMIC_NO_PIC = NO;
				GCC_NO_COMMON_BLOCKS = YES;
				GCC_OPTIMIZATION_LEVEL = 0;
				GCC_PREPROCESSOR_DEFINITIONS = (
					"DEBUG=1",
					"$(inherited)",
				);
				GCC_WARN_64_TO_32_BIT_CONVERSION = YES;
				GCC_WARN_ABOUT_RETURN_TYPE = YES_ERROR;
				GCC_WARN_UNDECLARED_SELECTOR = YES;
				GCC_WARN_UNINITIALIZED_AUTOS = YES_AGGRESSIVE;
				GCC_WARN_UNUSED_FUNCTION = YES;
				GCC_WARN_UNUSED_VARIABLE = YES;
				IPHONEOS_DEPLOYMENT_TARGET = 9.1;
				MTL_ENABLE_DEBUG_INFO = YES;
				ONLY_ACTIVE_ARCH = YES;
				SDKROOT = iphoneos;
				SWIFT_OPTIMIZATION_LEVEL = "-Onone";
			};
			name = Debug;
		};
		825147901C0F9E8400DB9692 /* Release */ = {
			isa = XCBuildConfiguration;
			buildSettings = {
				ALWAYS_SEARCH_USER_PATHS = NO;
				CLANG_CXX_LANGUAGE_STANDARD = "gnu++0x";
				CLANG_CXX_LIBRARY = "libc++";
				CLANG_ENABLE_MODULES = YES;
				CLANG_ENABLE_OBJC_ARC = YES;
				CLANG_WARN_BOOL_CONVERSION = YES;
				CLANG_WARN_CONSTANT_CONVERSION = YES;
				CLANG_WARN_DIRECT_OBJC_ISA_USAGE = YES_ERROR;
				CLANG_WARN_EMPTY_BODY = YES;
				CLANG_WARN_ENUM_CONVERSION = YES;
				CLANG_WARN_INT_CONVERSION = YES;
				CLANG_WARN_OBJC_ROOT_CLASS = YES_ERROR;
				CLANG_WARN_UNREACHABLE_CODE = YES;
				CLANG_WARN__DUPLICATE_METHOD_MATCH = YES;
				"CODE_SIGN_IDENTITY[sdk=iphoneos*]" = "iPhone Developer";
				COPY_PHASE_STRIP = NO;
				DEBUG_INFORMATION_FORMAT = "dwarf-with-dsym";
				ENABLE_NS_ASSERTIONS = NO;
				ENABLE_STRICT_OBJC_MSGSEND = YES;
				GCC_C_LANGUAGE_STANDARD = gnu99;
				GCC_NO_COMMON_BLOCKS = YES;
				GCC_WARN_64_TO_32_BIT_CONVERSION = YES;
				GCC_WARN_ABOUT_RETURN_TYPE = YES_ERROR;
				GCC_WARN_UNDECLARED_SELECTOR = YES;
				GCC_WARN_UNINITIALIZED_AUTOS = YES_AGGRESSIVE;
				GCC_WARN_UNUSED_FUNCTION = YES;
				GCC_WARN_UNUSED_VARIABLE = YES;
				IPHONEOS_DEPLOYMENT_TARGET = 9.1;
				MTL_ENABLE_DEBUG_INFO = NO;
				SDKROOT = iphoneos;
				VALIDATE_PRODUCT = YES;
			};
			name = Release;
		};
		825147921C0F9E8400DB9692 /* Debug */ = {
			isa = XCBuildConfiguration;
			baseConfigurationReference = 84C78B084E4622BF55E02599 /* Pods.debug.xcconfig */;
			buildSettings = {
				ASSETCATALOG_COMPILER_APPICON_NAME = AppIcon;
				CLANG_ENABLE_MODULES = YES;
				INFOPLIST_FILE = BlueWorld/Info.plist;
				LD_RUNPATH_SEARCH_PATHS = "$(inherited) @executable_path/Frameworks";
				PRODUCT_BUNDLE_IDENTIFIER = com.thetapattack.BlueWorld;
				PRODUCT_NAME = "$(TARGET_NAME)";
				SWIFT_OBJC_BRIDGING_HEADER = "BlueWorld/BlueWorld-Bridging-Header.h";
				SWIFT_OPTIMIZATION_LEVEL = "-Onone";
			};
			name = Debug;
		};
		825147931C0F9E8400DB9692 /* Release */ = {
			isa = XCBuildConfiguration;
			baseConfigurationReference = 12272E3A8EEF381C3476718D /* Pods.release.xcconfig */;
			buildSettings = {
				ASSETCATALOG_COMPILER_APPICON_NAME = AppIcon;
				CLANG_ENABLE_MODULES = YES;
				INFOPLIST_FILE = BlueWorld/Info.plist;
				LD_RUNPATH_SEARCH_PATHS = "$(inherited) @executable_path/Frameworks";
				PRODUCT_BUNDLE_IDENTIFIER = com.thetapattack.BlueWorld;
				PRODUCT_NAME = "$(TARGET_NAME)";
				SWIFT_OBJC_BRIDGING_HEADER = "BlueWorld/BlueWorld-Bridging-Header.h";
			};
			name = Release;
		};
		825147951C0F9E8400DB9692 /* Debug */ = {
			isa = XCBuildConfiguration;
			buildSettings = {
				BUNDLE_LOADER = "$(TEST_HOST)";
				INFOPLIST_FILE = BlueWorldTests/Info.plist;
				LD_RUNPATH_SEARCH_PATHS = "$(inherited) @executable_path/Frameworks @loader_path/Frameworks";
				PRODUCT_BUNDLE_IDENTIFIER = com.thetapattack.BlueWorldTests;
				PRODUCT_NAME = "$(TARGET_NAME)";
			};
			name = Debug;
		};
		825147961C0F9E8400DB9692 /* Release */ = {
			isa = XCBuildConfiguration;
			buildSettings = {
				BUNDLE_LOADER = "$(TEST_HOST)";
				INFOPLIST_FILE = BlueWorldTests/Info.plist;
				LD_RUNPATH_SEARCH_PATHS = "$(inherited) @executable_path/Frameworks @loader_path/Frameworks";
				PRODUCT_BUNDLE_IDENTIFIER = com.thetapattack.BlueWorldTests;
				PRODUCT_NAME = "$(TARGET_NAME)";
			};
			name = Release;
		};
		825147981C0F9E8400DB9692 /* Debug */ = {
			isa = XCBuildConfiguration;
			buildSettings = {
				INFOPLIST_FILE = BlueWorldUITests/Info.plist;
				LD_RUNPATH_SEARCH_PATHS = "$(inherited) @executable_path/Frameworks @loader_path/Frameworks";
				PRODUCT_BUNDLE_IDENTIFIER = com.thetapattack.BlueWorldUITests;
				PRODUCT_NAME = "$(TARGET_NAME)";
				TEST_TARGET_NAME = BlueWorld;
				USES_XCTRUNNER = YES;
			};
			name = Debug;
		};
		825147991C0F9E8400DB9692 /* Release */ = {
			isa = XCBuildConfiguration;
			buildSettings = {
				INFOPLIST_FILE = BlueWorldUITests/Info.plist;
				LD_RUNPATH_SEARCH_PATHS = "$(inherited) @executable_path/Frameworks @loader_path/Frameworks";
				PRODUCT_BUNDLE_IDENTIFIER = com.thetapattack.BlueWorldUITests;
				PRODUCT_NAME = "$(TARGET_NAME)";
				TEST_TARGET_NAME = BlueWorld;
				USES_XCTRUNNER = YES;
			};
			name = Release;
		};
/* End XCBuildConfiguration section */

/* Begin XCConfigurationList section */
		825147641C0F9E8300DB9692 /* Build configuration list for PBXProject "BlueWorld" */ = {
			isa = XCConfigurationList;
			buildConfigurations = (
				8251478F1C0F9E8400DB9692 /* Debug */,
				825147901C0F9E8400DB9692 /* Release */,
			);
			defaultConfigurationIsVisible = 0;
			defaultConfigurationName = Release;
		};
		825147911C0F9E8400DB9692 /* Build configuration list for PBXNativeTarget "BlueWorld" */ = {
			isa = XCConfigurationList;
			buildConfigurations = (
				825147921C0F9E8400DB9692 /* Debug */,
				825147931C0F9E8400DB9692 /* Release */,
			);
			defaultConfigurationIsVisible = 0;
			defaultConfigurationName = Release;
		};
		825147941C0F9E8400DB9692 /* Build configuration list for PBXNativeTarget "BlueWorldTests" */ = {
			isa = XCConfigurationList;
			buildConfigurations = (
				825147951C0F9E8400DB9692 /* Debug */,
				825147961C0F9E8400DB9692 /* Release */,
			);
			defaultConfigurationIsVisible = 0;
			defaultConfigurationName = Release;
		};
		825147971C0F9E8400DB9692 /* Build configuration list for PBXNativeTarget "BlueWorldUITests" */ = {
			isa = XCConfigurationList;
			buildConfigurations = (
				825147981C0F9E8400DB9692 /* Debug */,
				825147991C0F9E8400DB9692 /* Release */,
			);
			defaultConfigurationIsVisible = 0;
			defaultConfigurationName = Release;
		};
/* End XCConfigurationList section */

/* Begin XCVersionGroup section */
		824EADDB1C4731AA0045E5CD /* UserModel.xcdatamodeld */ = {
			isa = XCVersionGroup;
			children = (
				824EADDC1C4731AA0045E5CD /* UserModel.xcdatamodel */,
			);
			currentVersion = 824EADDC1C4731AA0045E5CD /* UserModel.xcdatamodel */;
			path = UserModel.xcdatamodeld;
			sourceTree = "<group>";
			versionGroupType = wrapper.xcdatamodel;
		};
/* End XCVersionGroup section */
	};
	rootObject = 825147611C0F9E8300DB9692 /* Project object */;
}
